
Microsoft Visual Studio Solution File, Format Version 12.00
# Visual Studio 15
VisualStudioVersion = 15.0.28307.489
MinimumVisualStudioVersion = 10.0.40219.1
Project("{FAE04EC0-301F-11D3-BF4B-00C04F79EFBC}") = "LambdaTechAcademy", "LambdaTechAcademy\LambdaTechAcademy.csproj", "{7A375344-5621-4122-9AC2-556538D9F4B0}"
EndProject
Global
	GlobalSection(SolutionConfigurationPlatforms) = preSolution
		Debug|Any CPU = Debug|Any CPU
		Release|Any CPU = Release|Any CPU
	EndGlobalSection
	GlobalSection(ProjectConfigurationPlatforms) = postSolution
		{7A375344-5621-4122-9AC2-556538D9F4B0}.Debug|Any CPU.ActiveCfg = Debug|Any CPU
		{7A375344-5621-4122-9AC2-556538D9F4B0}.Debug|Any CPU.Build.0 = Debug|Any CPU
		{7A375344-5621-4122-9AC2-556538D9F4B0}.Release|Any CPU.ActiveCfg = Release|Any CPU
		{7A375344-5621-4122-9AC2-556538D9F4B0}.Release|Any CPU.Build.0 = Release|Any CPU
	EndGlobalSection
	GlobalSection(SolutionProperties) = preSolution
		HideSolutionNode = FALSE
	EndGlobalSection
	GlobalSection(ExtensibilityGlobals) = postSolution
		SolutionGuid = {1848F0AA-6B13-4D99-9106-63D37E55FB95}
	EndGlobalSection
EndGlobal
