
Microsoft Visual Studio Solution File, Format Version 12.00
# Visual Studio 15
VisualStudioVersion = 15.0.28307.489
MinimumVisualStudioVersion = 10.0.40219.1
Project("{FAE04EC0-301F-11D3-BF4B-00C04F79EFBC}") = "AbstactNameTechAcademy", "AbstactNameTechAcademy\AbstactNameTechAcademy.csproj", "{0A42C0A6-BFA5-4082-B2D9-5582C06EAF4F}"
EndProject
Global
	GlobalSection(SolutionConfigurationPlatforms) = preSolution
		Debug|Any CPU = Debug|Any CPU
		Release|Any CPU = Release|Any CPU
	EndGlobalSection
	GlobalSection(ProjectConfigurationPlatforms) = postSolution
		{0A42C0A6-BFA5-4082-B2D9-5582C06EAF4F}.Debug|Any CPU.ActiveCfg = Debug|Any CPU
		{0A42C0A6-BFA5-4082-B2D9-5582C06EAF4F}.Debug|Any CPU.Build.0 = Debug|Any CPU
		{0A42C0A6-BFA5-4082-B2D9-5582C06EAF4F}.Release|Any CPU.ActiveCfg = Release|Any CPU
		{0A42C0A6-BFA5-4082-B2D9-5582C06EAF4F}.Release|Any CPU.Build.0 = Release|Any CPU
	EndGlobalSection
	GlobalSection(SolutionProperties) = preSolution
		HideSolutionNode = FALSE
	EndGlobalSection
	GlobalSection(ExtensibilityGlobals) = postSolution
		SolutionGuid = {EE5DCC3C-5167-41F5-8653-52D7E1B1563E}
	EndGlobalSection
EndGlobal
